// !$*UTF8*$!
{
	archiveVersion = 1;
	classes = {
	};
	objectVersion = 46;
	objects = {

/* Begin PBXBuildFile section */
		EB5777FD1952517500CDDCE2 /* AppDelegate.swift in Sources */ = {isa = PBXBuildFile; fileRef = EB5777FC1952517500CDDCE2 /* AppDelegate.swift */; };
		EB5777FF1952517500CDDCE2 /* PostViewController.swift in Sources */ = {isa = PBXBuildFile; fileRef = EB5777FE1952517500CDDCE2 /* PostViewController.swift */; };
		EB5778021952517500CDDCE2 /* Main.storyboard in Resources */ = {isa = PBXBuildFile; fileRef = EB5778001952517500CDDCE2 /* Main.storyboard */; };
		EB5778041952517500CDDCE2 /* Images.xcassets in Resources */ = {isa = PBXBuildFile; fileRef = EB5778031952517500CDDCE2 /* Images.xcassets */; };
		EB5778101952517500CDDCE2 /* PostRequesterTests.swift in Sources */ = {isa = PBXBuildFile; fileRef = EB57780F1952517500CDDCE2 /* PostRequesterTests.swift */; };
		EB57781A195251DF00CDDCE2 /* api.rb in Resources */ = {isa = PBXBuildFile; fileRef = EB577819195251DF00CDDCE2 /* api.rb */; };
/* End PBXBuildFile section */

/* Begin PBXContainerItemProxy section */
		EB57780A1952517500CDDCE2 /* PBXContainerItemProxy */ = {
			isa = PBXContainerItemProxy;
			containerPortal = EB5777EF1952517500CDDCE2 /* Project object */;
			proxyType = 1;
			remoteGlobalIDString = EB5777F61952517500CDDCE2;
			remoteInfo = PostRequester;
		};
/* End PBXContainerItemProxy section */

/* Begin PBXFileReference section */
		EB5777F71952517500CDDCE2 /* PostRequester.app */ = {isa = PBXFileReference; explicitFileType = wrapper.application; includeInIndex = 0; path = PostRequester.app; sourceTree = BUILT_PRODUCTS_DIR; };
		EB5777FB1952517500CDDCE2 /* Info.plist */ = {isa = PBXFileReference; lastKnownFileType = text.plist.xml; path = Info.plist; sourceTree = "<group>"; };
		EB5777FC1952517500CDDCE2 /* AppDelegate.swift */ = {isa = PBXFileReference; lastKnownFileType = sourcecode.swift; path = AppDelegate.swift; sourceTree = "<group>"; };
		EB5777FE1952517500CDDCE2 /* PostViewController.swift */ = {isa = PBXFileReference; lastKnownFileType = sourcecode.swift; path = PostViewController.swift; sourceTree = "<group>"; };
		EB5778011952517500CDDCE2 /* Base */ = {isa = PBXFileReference; lastKnownFileType = file.storyboard; name = Base; path = Base.lproj/Main.storyboard; sourceTree = "<group>"; };
		EB5778031952517500CDDCE2 /* Images.xcassets */ = {isa = PBXFileReference; lastKnownFileType = folder.assetcatalog; path = Images.xcassets; sourceTree = "<group>"; };
		EB5778091952517500CDDCE2 /* PostRequesterTests.xctest */ = {isa = PBXFileReference; explicitFileType = wrapper.cfbundle; includeInIndex = 0; path = PostRequesterTests.xctest; sourceTree = BUILT_PRODUCTS_DIR; };
		EB57780E1952517500CDDCE2 /* Info.plist */ = {isa = PBXFileReference; lastKnownFileType = text.plist.xml; path = Info.plist; sourceTree = "<group>"; };
		EB57780F1952517500CDDCE2 /* PostRequesterTests.swift */ = {isa = PBXFileReference; lastKnownFileType = sourcecode.swift; path = PostRequesterTests.swift; sourceTree = "<group>"; };
		EB577819195251DF00CDDCE2 /* api.rb */ = {isa = PBXFileReference; fileEncoding = 4; lastKnownFileType = text.script.ruby; path = api.rb; sourceTree = "<group>"; };
		EBF1DB1519551DB70074A420 /* RunAPI.sh */ = {isa = PBXFileReference; lastKnownFileType = text.script.sh; path = RunAPI.sh; sourceTree = "<group>"; };
/* End PBXFileReference section */

/* Begin PBXFrameworksBuildPhase section */
		EB5777F41952517500CDDCE2 /* Frameworks */ = {
			isa = PBXFrameworksBuildPhase;
			buildActionMask = 2147483647;
			files = (
			);
			runOnlyForDeploymentPostprocessing = 0;
		};
		EB5778061952517500CDDCE2 /* Frameworks */ = {
			isa = PBXFrameworksBuildPhase;
			buildActionMask = 2147483647;
			files = (
			);
			runOnlyForDeploymentPostprocessing = 0;
		};
/* End PBXFrameworksBuildPhase section */

/* Begin PBXGroup section */
		EB5777EE1952517500CDDCE2 = {
			isa = PBXGroup;
			children = (
				EB5777F91952517500CDDCE2 /* PostRequester */,
				EB57780C1952517500CDDCE2 /* PostRequesterTests */,
				EB5777F81952517500CDDCE2 /* Products */,
			);
			sourceTree = "<group>";
		};
		EB5777F81952517500CDDCE2 /* Products */ = {
			isa = PBXGroup;
			children = (
				EB5777F71952517500CDDCE2 /* PostRequester.app */,
				EB5778091952517500CDDCE2 /* PostRequesterTests.xctest */,
			);
			name = Products;
			sourceTree = "<group>";
		};
		EB5777F91952517500CDDCE2 /* PostRequester */ = {
			isa = PBXGroup;
			children = (
				EB5777FC1952517500CDDCE2 /* AppDelegate.swift */,
				EB5777FE1952517500CDDCE2 /* PostViewController.swift */,
				EB5778001952517500CDDCE2 /* Main.storyboard */,
				EB5778031952517500CDDCE2 /* Images.xcassets */,
				EB5777FA1952517500CDDCE2 /* Supporting Files */,
			);
			path = PostRequester;
			sourceTree = "<group>";
		};
		EB5777FA1952517500CDDCE2 /* Supporting Files */ = {
			isa = PBXGroup;
			children = (
				EB5777FB1952517500CDDCE2 /* Info.plist */,
				EBF1DB1519551DB70074A420 /* RunAPI.sh */,
				EB577819195251DF00CDDCE2 /* api.rb */,
			);
			name = "Supporting Files";
			sourceTree = "<group>";
		};
		EB57780C1952517500CDDCE2 /* PostRequesterTests */ = {
			isa = PBXGroup;
			children = (
				EB57780F1952517500CDDCE2 /* PostRequesterTests.swift */,
				EB57780D1952517500CDDCE2 /* Supporting Files */,
			);
			path = PostRequesterTests;
			sourceTree = "<group>";
		};
		EB57780D1952517500CDDCE2 /* Supporting Files */ = {
			isa = PBXGroup;
			children = (
				EB57780E1952517500CDDCE2 /* Info.plist */,
			);
			name = "Supporting Files";
			sourceTree = "<group>";
		};
/* End PBXGroup section */

/* Begin PBXNativeTarget section */
		EB5777F61952517500CDDCE2 /* PostRequester */ = {
			isa = PBXNativeTarget;
			buildConfigurationList = EB5778131952517500CDDCE2 /* Build configuration list for PBXNativeTarget "PostRequester" */;
			buildPhases = (
				EB5777F31952517500CDDCE2 /* Sources */,
				EB5777F41952517500CDDCE2 /* Frameworks */,
				EB5777F51952517500CDDCE2 /* Resources */,
			);
			buildRules = (
			);
			dependencies = (
			);
			name = PostRequester;
			productName = PostRequester;
			productReference = EB5777F71952517500CDDCE2 /* PostRequester.app */;
			productType = "com.apple.product-type.application";
		};
		EB5778081952517500CDDCE2 /* PostRequesterTests */ = {
			isa = PBXNativeTarget;
			buildConfigurationList = EB5778161952517500CDDCE2 /* Build configuration list for PBXNativeTarget "PostRequesterTests" */;
			buildPhases = (
				EB5778051952517500CDDCE2 /* Sources */,
				EB5778061952517500CDDCE2 /* Frameworks */,
				EB5778071952517500CDDCE2 /* Resources */,
			);
			buildRules = (
			);
			dependencies = (
				EB57780B1952517500CDDCE2 /* PBXTargetDependency */,
			);
			name = PostRequesterTests;
			productName = PostRequesterTests;
			productReference = EB5778091952517500CDDCE2 /* PostRequesterTests.xctest */;
			productType = "com.apple.product-type.bundle.unit-test";
		};
/* End PBXNativeTarget section */

/* Begin PBXProject section */
		EB5777EF1952517500CDDCE2 /* Project object */ = {
			isa = PBXProject;
			attributes = {
				LastUpgradeCheck = 0600;
				ORGANIZATIONNAME = cloudwise;
				TargetAttributes = {
					EB5777F61952517500CDDCE2 = {
						CreatedOnToolsVersion = 6.0;
						DevelopmentTeam = JYXQPVB8H5;
					};
					EB5778081952517500CDDCE2 = {
						CreatedOnToolsVersion = 6.0;
						TestTargetID = EB5777F61952517500CDDCE2;
					};
				};
			};
			buildConfigurationList = EB5777F21952517500CDDCE2 /* Build configuration list for PBXProject "PostRequester" */;
			compatibilityVersion = "Xcode 3.2";
			developmentRegion = English;
			hasScannedForEncodings = 0;
			knownRegions = (
				en,
				Base,
			);
			mainGroup = EB5777EE1952517500CDDCE2;
			productRefGroup = EB5777F81952517500CDDCE2 /* Products */;
			projectDirPath = "";
			projectRoot = "";
			targets = (
				EB5777F61952517500CDDCE2 /* PostRequester */,
				EB5778081952517500CDDCE2 /* PostRequesterTests */,
			);
		};
/* End PBXProject section */

/* Begin PBXResourcesBuildPhase section */
		EB5777F51952517500CDDCE2 /* Resources */ = {
			isa = PBXResourcesBuildPhase;
			buildActionMask = 2147483647;
			files = (
				EB57781A195251DF00CDDCE2 /* api.rb in Resources */,
				EB5778021952517500CDDCE2 /* Main.storyboard in Resources */,
				EB5778041952517500CDDCE2 /* Images.xcassets in Resources */,
			);
			runOnlyForDeploymentPostprocessing = 0;
		};
		EB5778071952517500CDDCE2 /* Resources */ = {
			isa = PBXResourcesBuildPhase;
			buildActionMask = 2147483647;
			files = (
			);
			runOnlyForDeploymentPostprocessing = 0;
		};
/* End PBXResourcesBuildPhase section */

/* Begin PBXSourcesBuildPhase section */
		EB5777F31952517500CDDCE2 /* Sources */ = {
			isa = PBXSourcesBuildPhase;
			buildActionMask = 2147483647;
			files = (
				EB5777FF1952517500CDDCE2 /* PostViewController.swift in Sources */,
				EB5777FD1952517500CDDCE2 /* AppDelegate.swift in Sources */,
			);
			runOnlyForDeploymentPostprocessing = 0;
		};
		EB5778051952517500CDDCE2 /* Sources */ = {
			isa = PBXSourcesBuildPhase;
			buildActionMask = 2147483647;
			files = (
				EB5778101952517500CDDCE2 /* PostRequesterTests.swift in Sources */,
			);
			runOnlyForDeploymentPostprocessing = 0;
		};
/* End PBXSourcesBuildPhase section */

/* Begin PBXTargetDependency section */
		EB57780B1952517500CDDCE2 /* PBXTargetDependency */ = {
			isa = PBXTargetDependency;
			target = EB5777F61952517500CDDCE2 /* PostRequester */;
			targetProxy = EB57780A1952517500CDDCE2 /* PBXContainerItemProxy */;
		};
/* End PBXTargetDependency section */

/* Begin PBXVariantGroup section */
		EB5778001952517500CDDCE2 /* Main.storyboard */ = {
			isa = PBXVariantGroup;
			children = (
				EB5778011952517500CDDCE2 /* Base */,
			);
			name = Main.storyboard;
			sourceTree = "<group>";
		};
/* End PBXVariantGroup section */

/* Begin XCBuildConfiguration section */
		EB5778111952517500CDDCE2 /* Debug */ = {
			isa = XCBuildConfiguration;
			buildSettings = {
				ALWAYS_SEARCH_USER_PATHS = NO;
				CLANG_CXX_LANGUAGE_STANDARD = "gnu++0x";
				CLANG_CXX_LIBRARY = "libc++";
				CLANG_ENABLE_MODULES = YES;
				CLANG_ENABLE_OBJC_ARC = YES;
				CLANG_WARN_BOOL_CONVERSION = YES;
				CLANG_WARN_CONSTANT_CONVERSION = YES;
				CLANG_WARN_DIRECT_OBJC_ISA_USAGE = YES_ERROR;
				CLANG_WARN_EMPTY_BODY = YES;
				CLANG_WARN_ENUM_CONVERSION = YES;
				CLANG_WARN_INT_CONVERSION = YES;
				CLANG_WARN_OBJC_ROOT_CLASS = YES_ERROR;
				CLANG_WARN_UNREACHABLE_CODE = YES;
				CLANG_WARN__DUPLICATE_METHOD_MATCH = YES;
				"CODE_SIGN_IDENTITY[sdk=iphoneos*]" = "iPhone Developer";
				COPY_PHASE_STRIP = NO;
				ENABLE_STRICT_OBJC_MSGSEND = YES;
				GCC_C_LANGUAGE_STANDARD = gnu99;
				GCC_DYNAMIC_NO_PIC = NO;
				GCC_OPTIMIZATION_LEVEL = 0;
				GCC_PREPROCESSOR_DEFINITIONS = (
					"DEBUG=1",
					"$(inherited)",
				);
				GCC_SYMBOLS_PRIVATE_EXTERN = NO;
				GCC_WARN_64_TO_32_BIT_CONVERSION = YES;
				GCC_WARN_ABOUT_RETURN_TYPE = YES_ERROR;
				GCC_WARN_UNDECLARED_SELECTOR = YES;
				GCC_WARN_UNINITIALIZED_AUTOS = YES_AGGRESSIVE;
				GCC_WARN_UNUSED_FUNCTION = YES;
				GCC_WARN_UNUSED_VARIABLE = YES;
				IPHONEOS_DEPLOYMENT_TARGET = 8.0;
				METAL_ENABLE_DEBUG_INFO = YES;
				ONLY_ACTIVE_ARCH = YES;
				SDKROOT = iphoneos;
				SWIFT_OPTIMIZATION_LEVEL = "-Onone";
				TARGETED_DEVICE_FAMILY = "1,2";
			};
			name = Debug;
		};
		EB5778121952517500CDDCE2 /* Release */ = {
			isa = XCBuildConfiguration;
			buildSettings = {
				ALWAYS_SEARCH_USER_PATHS = NO;
				CLANG_CXX_LANGUAGE_STANDARD = "gnu++0x";
				CLANG_CXX_LIBRARY = "libc++";
				CLANG_ENABLE_MODULES = YES;
				CLANG_ENABLE_OBJC_ARC = YES;
				CLANG_WARN_BOOL_CONVERSION = YES;
				CLANG_WARN_CONSTANT_CONVERSION = YES;
				CLANG_WARN_DIRECT_OBJC_ISA_USAGE = YES_ERROR;
				CLANG_WARN_EMPTY_BODY = YES;
				CLANG_WARN_ENUM_CONVERSION = YES;
				CLANG_WARN_INT_CONVERSION = YES;
				CLANG_WARN_OBJC_ROOT_CLASS = YES_ERROR;
				CLANG_WARN_UNREACHABLE_CODE = YES;
				CLANG_WARN__DUPLICATE_METHOD_MATCH = YES;
				"CODE_SIGN_IDENTITY[sdk=iphoneos*]" = "iPhone Developer";
				COPY_PHASE_STRIP = YES;
				ENABLE_NS_ASSERTIONS = NO;
				ENABLE_STRICT_OBJC_MSGSEND = YES;
				GCC_C_LANGUAGE_STANDARD = gnu99;
				GCC_WARN_64_TO_32_BIT_CONVERSION = YES;
				GCC_WARN_ABOUT_RETURN_TYPE = YES_ERROR;
				GCC_WARN_UNDECLARED_SELECTOR = YES;
				GCC_WARN_UNINITIALIZED_AUTOS = YES_AGGRESSIVE;
				GCC_WARN_UNUSED_FUNCTION = YES;
				GCC_WARN_UNUSED_VARIABLE = YES;
				IPHONEOS_DEPLOYMENT_TARGET = 8.0;
				METAL_ENABLE_DEBUG_INFO = NO;
				SDKROOT = iphoneos;
				TARGETED_DEVICE_FAMILY = "1,2";
				VALIDATE_PRODUCT = YES;
			};
			name = Release;
		};
		EB5778141952517500CDDCE2 /* Debug */ = {
			isa = XCBuildConfiguration;
			buildSettings = {
				ASSETCATALOG_COMPILER_APPICON_NAME = AppIcon;
				ASSETCATALOG_COMPILER_LAUNCHIMAGE_NAME = LaunchImage;
				CODE_SIGN_IDENTITY = "iPhone Developer";
				INFOPLIST_FILE = PostRequester/Info.plist;
				LD_RUNPATH_SEARCH_PATHS = "$(inherited) @executable_path/Frameworks";
				PRODUCT_NAME = "$(TARGET_NAME)";
			};
			name = Debug;
		};
		EB5778151952517500CDDCE2 /* Release */ = {
			isa = XCBuildConfiguration;
			buildSettings = {
				ASSETCATALOG_COMPILER_APPICON_NAME = AppIcon;
				ASSETCATALOG_COMPILER_LAUNCHIMAGE_NAME = LaunchImage;
				CODE_SIGN_IDENTITY = "iPhone Developer";
				INFOPLIST_FILE = PostRequester/Info.plist;
				LD_RUNPATH_SEARCH_PATHS = "$(inherited) @executable_path/Frameworks";
				PRODUCT_NAME = "$(TARGET_NAME)";
			};
			name = Release;
		};
		EB5778171952517500CDDCE2 /* Debug */ = {
			isa = XCBuildConfiguration;
			buildSettings = {
				BUNDLE_LOADER = "$(BUILT_PRODUCTS_DIR)/PostRequester.app/PostRequester";
				FRAMEWORK_SEARCH_PATHS = (
					"$(SDKROOT)/Developer/Library/Frameworks",
					"$(inherited)",
				);
				GCC_PREPROCESSOR_DEFINITIONS = (
					"DEBUG=1",
					"$(inherited)",
				);
				INFOPLIST_FILE = PostRequesterTests/Info.plist;
				LD_RUNPATH_SEARCH_PATHS = "$(inherited) @executable_path/Frameworks @loader_path/Frameworks";
				METAL_ENABLE_DEBUG_INFO = YES;
				PRODUCT_NAME = "$(TARGET_NAME)";
				TEST_HOST = "$(BUNDLE_LOADER)";
			};
			name = Debug;
		};
		EB5778181952517500CDDCE2 /* Release */ = {
			isa = XCBuildConfiguration;
			buildSettings = {
				BUNDLE_LOADER = "$(BUILT_PRODUCTS_DIR)/PostRequester.app/PostRequester";
				FRAMEWORK_SEARCH_PATHS = (
					"$(SDKROOT)/Developer/Library/Frameworks",
					"$(inherited)",
				);
				INFOPLIST_FILE = PostRequesterTests/Info.plist;
				LD_RUNPATH_SEARCH_PATHS = "$(inherited) @executable_path/Frameworks @loader_path/Frameworks";
				METAL_ENABLE_DEBUG_INFO = NO;
				PRODUCT_NAME = "$(TARGET_NAME)";
				TEST_HOST = "$(BUNDLE_LOADER)";
			};
			name = Release;
		};
/* End XCBuildConfiguration section */

/* Begin XCConfigurationList section */
		EB5777F21952517500CDDCE2 /* Build configuration list for PBXProject "PostRequester" */ = {
			isa = XCConfigurationList;
			buildConfigurations = (
				EB5778111952517500CDDCE2 /* Debug */,
				EB5778121952517500CDDCE2 /* Release */,
			);
			defaultConfigurationIsVisible = 0;
			defaultConfigurationName = Release;
		};
		EB5778131952517500CDDCE2 /* Build configuration list for PBXNativeTarget "PostRequester" */ = {
			isa = XCConfigurationList;
			buildConfigurations = (
				EB5778141952517500CDDCE2 /* Debug */,
				EB5778151952517500CDDCE2 /* Release */,
			);
			defaultConfigurationIsVisible = 0;
			defaultConfigurationName = Release;
		};
		EB5778161952517500CDDCE2 /* Build configuration list for PBXNativeTarget "PostRequesterTests" */ = {
			isa = XCConfigurationList;
			buildConfigurations = (
				EB5778171952517500CDDCE2 /* Debug */,
				EB5778181952517500CDDCE2 /* Release */,
			);
			defaultConfigurationIsVisible = 0;
			defaultConfigurationName = Release;
		};
/* End XCConfigurationList section */
	};
	rootObject = EB5777EF1952517500CDDCE2 /* Project object */;
}
